{
    "_meta": {
        "hash": {
            "sha256": "bf3934c624de7fc87f22f207279d4b18fff6438b806887cf7f89c6fec32d4ea1"
        },
        "pipfile-spec": 6,
        "requires": {
            "python_version": "3.7"
        },
        "sources": [
            {
                "name": "pypi",
                "url": "https://pypi.org/simple",
                "verify_ssl": true
            }
        ]
    },
    "default": {
        "certifi": {
            "hashes": [
                "sha256:59b7658e26ca9c7339e00f8f4636cdfe59d34fa37b9b04f6f9e9926b3cece1a5",
                "sha256:b26104d6835d1f5e49452a26eb2ff87fe7090b89dfcaee5ea2212697e1e1d7ae"
            ],
            "version": "==2019.3.9"
        },
        "chardet": {
            "hashes": [
                "sha256:84ab92ed1c4d4f16916e05906b6b75a6c0fb5db821cc65e70cbd64a3e2a5eaae",
                "sha256:fc323ffcaeaed0e0a02bf4d117757b98aed530d9ed4531e3e15460124c106691"
            ],
            "version": "==3.0.4"
        },
        "click": {
            "hashes": [
                "sha256:cc6a19da8ebff6e7074f731447ef7e112bd23adf3de5c597cf9989f2fd8defe9",
                "sha256:fcf697e1fd4b567d817c69dab10a4035937fe6af175c05fd6806b69f74cbc6c4"
            ],
            "index": "pypi",
            "version": "==6.6"
        },
        "flask": {
            "hashes": [
                "sha256:2271c0070dbcb5275fad4a82e29f23ab92682dc45f9dfbc22c02ba9b9322ce48",
                "sha256:a080b744b7e345ccfcbc77954861cb05b3c63786e93f2b3875e0913d44b43f05"
            ],
            "index": "pypi",
            "version": "==1.0.2"
        },
        "idna": {
            "hashes": [
                "sha256:156a6814fb5ac1fc6850fb002e0852d56c0c8d2531923a51032d1b70760e186e",
                "sha256:684a38a6f903c1d71d6d5fac066b58d7768af4de2b832e426ec79c30daa94a16"
            ],
            "version": "==2.7"
        },
        "itsdangerous": {
            "hashes": [
                "sha256:cbb3fcf8d3e33df861709ecaf89d9e6629cff0a217bc2848f1b41cd30d360519"
            ],
            "index": "pypi",
            "version": "==0.24"
        },
        "jinja2": {
            "hashes": [
                "sha256:74c935a1b8bb9a3947c50a54766a969d4846290e1e788ea44c1392163723c3bd",
                "sha256:f84be1bb0040caca4cea721fcbbbbd61f9be9464ca236387158b0feea01914a4"
            ],
            "index": "pypi",
            "version": "==2.10"
        },
        "lxml": {
            "hashes": [
                "sha256:0b9f330f4875b1123b191d8bb228474674007b70ee4ca5173b48619594865b42",
                "sha256:16da7e6edb5bf3c39b444b5d8a4a8de84ed9db5eb28cbcb71d1c578afd35ad4c",
                "sha256:175b92e44eda9c1a1a36d79c3a67daf80c3e3e1f84443c9834c44e71df9d9d79",
                "sha256:4566e8d80f13ade36e55ac60c9bb9a3540115a6314af5692da09d01a15795728",
                "sha256:60b806e7de8b0ef16168cb8e5f84a2308587b5a2afa2b7d7e65f20d5dda8dbc8",
                "sha256:7284a40dee4939384bea8209d8bb75d20f29142a8f7821373477a56cc13b62f9",
                "sha256:8fdfeea3f1854bfd117bf0a1f13e14c3377bf14c1b7191f497f368df08dcbb55",
                "sha256:9c74ca28a7f0c30dca8872281b3c47705e21217c8bc63912d95c9e2a7cac6bdf",
                "sha256:df019585e0086e13402e78aa426973db85b2a5a286bb7d77cf6354a6824c408e",
                "sha256:e615b60d120513f5c30a82a99467bbd1dccacf9be5ecd252f40c3940f478b1de",
                "sha256:ef8656f034b9add17a95b3c979b268626d3c2916f502e66aac7269f68872b8de"
            ],
            "index": "pypi",
            "version": "==3.6.0"
        },
        "markupsafe": {
            "hashes": [
                "sha256:a4ec1aff59b95a14b45eb2e23761a0179e98319da5a7eb76b56ea8cdc7b871c3"
            ],
            "index": "pypi",
            "version": "==0.23"
        },
        "python-dateutil": {
            "hashes": [
                "sha256:1408fdb07c6a1fa9997567ce3fcee6a337b39a503d80699e0f213de4aa4b32ed",
                "sha256:598499a75be2e5e18a66f12c00dd47a069de24794effeda4228bfc760f44f527",
                "sha256:9d94861f04ce14f9a3d835206067c889b8f1244f1415035dadcf9c10066adf04"
            ],
            "index": "pypi",
            "version": "==2.5.3"
        },
        "pytz": {
            "hashes": [
                "sha256:8781cdd3ca70f5a536884e051797ca213b9ff479a5c1cc57240adf37cc1eff1b",
                "sha256:be2ff04e94a2b5454ddcfbebb81ee8e46162734d4c2fcc90c422d16ab51f810b",
                "sha256:c823de61ff40d1996fe087cec343e0503881ca641b897e0f9b86c7683a0bfee1",
                "sha256:ee7c751544e35a7b7fb5e3fb25a49dade37d51e70a93e5107f10575d7102c311"
            ],
            "index": "pypi",
            "version": "==2016.4"
        },
        "requests": {
            "hashes": [
                "sha256:65b3a120e4329e33c9889db89c80976c5272f56ea92d3e74da8a463992e3ff54",
                "sha256:ea881206e59f41dbd0bd445437d792e43906703fff75ca8ff43ccdb11f33f263"
            ],
            "index": "pypi",
            "version": "==2.20.1"
        },
        "six": {
            "hashes": [
                "sha256:0ff78c403d9bccf5a425a6d31a12aa6b47f1c21ca4dc2573a7e2f32a97335eb1",
                "sha256:105f8d68616f8248e24bf0e9372ef04d3cc10104f1980f54d57b2ce73a5ad56a"
            ],
            "index": "pypi",
            "version": "==1.10.0"
        },
        "sqlalchemy": {
            "hashes": [
                "sha256:e755fd23b8bd574163d392ae85f41f6cd32eca8fe5bd7b5692de77265bb220cf"
            ],
            "index": "pypi",
            "version": "==1.0.13"
        },
        "tabulate": {
            "hashes": [
                "sha256:e4ca13f26d0a6be2a2915428dc21e732f1e44dad7f76d7030b2ef1ec251cf7f2"
            ],
            "index": "pypi",
            "version": "==0.8.2"
        },
        "urllib3": {
            "hashes": [
                "sha256:61bf29cada3fc2fbefad4fdf059ea4bd1b4a86d2b6d15e1c7c0b582b9752fe39",
                "sha256:de9529817c93f27c8ccbfead6985011db27bd0ddfcdb2d86f3f663385c6a9c22"
            ],
            "version": "==1.24.1"
        },
        "werkzeug": {
            "hashes": [
                "sha256:c3fd7a7d41976d9f44db327260e263132466836cef6f91512889ed60ad26557c",
                "sha256:d5da73735293558eb1651ee2fddc4d0dedcfa06538b8813a2e20011583c9e49b"
            ],
            "index": "pypi",
            "version": "==0.14.1"
        }
    },
    "develop": {}
}
